Microsoft Visual Studio Solution File, Format Version 11.00
# Visual Studio 2008

Project("{511494FA-290F-2B2D-272A-0F27C815212F}") = "LCMusic", "Assembly-CSharp.csproj", "{A6A151DA-E407-B9E6-6CA3-1A9695F57935}"
EndProject
Project("{511494FA-290F-2B2D-272A-0F27C815212F}") = "LCMusic", "Assembly-CSharp-Editor.csproj", "{8D05B61D-B016-F8DB-126D-6339C94FDC10}"
EndProject
Global
	GlobalSection(SolutionConfigurationPlatforms) = preSolution
		Debug|Any CPU = Debug|Any CPU
		Release|Any CPU = Release|Any CPU
	EndGlobalSection
	GlobalSection(ProjectConfigurationPlatforms) = postSolution
		{A6A151DA-E407-B9E6-6CA3-1A9695F57935}.Debug|Any CPU.ActiveCfg = Debug|Any CPU
		{A6A151DA-E407-B9E6-6CA3-1A9695F57935}.Debug|Any CPU.Build.0 = Debug|Any CPU
		{A6A151DA-E407-B9E6-6CA3-1A9695F57935}.Release|Any CPU.ActiveCfg = Release|Any CPU
		{A6A151DA-E407-B9E6-6CA3-1A9695F57935}.Release|Any CPU.Build.0 = Release|Any CPU
		{8D05B61D-B016-F8DB-126D-6339C94FDC10}.Debug|Any CPU.ActiveCfg = Debug|Any CPU
		{8D05B61D-B016-F8DB-126D-6339C94FDC10}.Debug|Any CPU.Build.0 = Debug|Any CPU
		{8D05B61D-B016-F8DB-126D-6339C94FDC10}.Release|Any CPU.ActiveCfg = Release|Any CPU
		{8D05B61D-B016-F8DB-126D-6339C94FDC10}.Release|Any CPU.Build.0 = Release|Any CPU
	EndGlobalSection
	GlobalSection(SolutionProperties) = preSolution
		HideSolutionNode = FALSE
	EndGlobalSection
	GlobalSection(MonoDevelopProperties) = preSolution
		StartupItem = Assembly-CSharp.csproj
	EndGlobalSection
EndGlobal
